
Microsoft Visual Studio Solution File, Format Version 12.00
# Visual Studio 2013
VisualStudioVersion = 12.0.40629.0
MinimumVisualStudioVersion = 10.0.40219.1
Project("{8BC9CEB8-8B4A-11D0-8D11-00A0C91BC942}") = "libimobiledevice", "libimobiledevice\libimobiledevice.vcxproj", "{6F26C69D-46EE-40AE-92E3-CD205B2C18E0}"
	ProjectSection(ProjectDependencies) = postProject
		{69CDCB06-C62E-45F6-9E2B-4313C228F957} = {69CDCB06-C62E-45F6-9E2B-4313C228F957}
		{53034340-F651-4ACB-8FEF-FFE0FF7AA013} = {53034340-F651-4ACB-8FEF-FFE0FF7AA013}
		{3E2B717A-7A6F-4FF5-9025-738968045272} = {3E2B717A-7A6F-4FF5-9025-738968045272}
		{C2FC6AFF-553B-4B8F-8158-93D8D50A8C02} = {C2FC6AFF-553B-4B8F-8158-93D8D50A8C02}
	EndProjectSection
EndProject
Project("{8BC9CEB8-8B4A-11D0-8D11-00A0C91BC942}") = "libplist", "libplist\libplist.vcxproj", "{C2FC6AFF-553B-4B8F-8158-93D8D50A8C02}"
	ProjectSection(ProjectDependencies) = postProject
		{69CDCB06-C62E-45F6-9E2B-4313C228F957} = {69CDCB06-C62E-45F6-9E2B-4313C228F957}
	EndProjectSection
EndProject
Project("{8BC9CEB8-8B4A-11D0-8D11-00A0C91BC942}") = "libusbmuxd", "libusbmuxd\libusbmuxd.vcxproj", "{53034340-F651-4ACB-8FEF-FFE0FF7AA013}"
	ProjectSection(ProjectDependencies) = postProject
		{6868442D-4090-4022-8BD0-49446B1C249F} = {6868442D-4090-4022-8BD0-49446B1C249F}
		{CA9DE663-102C-4953-B09E-BCFFEC17D7E4} = {CA9DE663-102C-4953-B09E-BCFFEC17D7E4}
		{C2FC6AFF-553B-4B8F-8158-93D8D50A8C02} = {C2FC6AFF-553B-4B8F-8158-93D8D50A8C02}
	EndProjectSection
EndProject
Project("{8BC9CEB8-8B4A-11D0-8D11-00A0C91BC942}") = "libgen", "libgen\libgen.vcxproj", "{3E2B717A-7A6F-4FF5-9025-738968045272}"
EndProject
Project("{8BC9CEB8-8B4A-11D0-8D11-00A0C91BC942}") = "libcnary", "libcnary\libcnary.vcxproj", "{69CDCB06-C62E-45F6-9E2B-4313C228F957}"
EndProject
Project("{8BC9CEB8-8B4A-11D0-8D11-00A0C91BC942}") = "libzip", "libzip\libzip.vcxproj", "{CA9DE663-102C-4953-B09E-BCFFEC17D7E4}"
EndProject
Project("{8BC9CEB8-8B4A-11D0-8D11-00A0C91BC942}") = "getopt", "getopt\getopt.vcxproj", "{1C06E1E0-3FF7-4DAF-A9BA-7C8E2FA11B03}"
EndProject
Project("{2150E333-8FDC-42A3-9474-1A3956D46DE8}") = "tools", "tools", "{0FBBD559-6BB3-4679-AA53-79D7D37AA02C}"
EndProject
Project("{8BC9CEB8-8B4A-11D0-8D11-00A0C91BC942}") = "ideviceinstaller", "libimobiledevice-tools\ideviceinstaller\ideviceinstaller.vcxproj", "{00AB62FF-DC93-4B81-B4FE-E3229DC44D91}"
	ProjectSection(ProjectDependencies) = postProject
		{69CDCB06-C62E-45F6-9E2B-4313C228F957} = {69CDCB06-C62E-45F6-9E2B-4313C228F957}
		{53034340-F651-4ACB-8FEF-FFE0FF7AA013} = {53034340-F651-4ACB-8FEF-FFE0FF7AA013}
		{CA9DE663-102C-4953-B09E-BCFFEC17D7E4} = {CA9DE663-102C-4953-B09E-BCFFEC17D7E4}
		{3E2B717A-7A6F-4FF5-9025-738968045272} = {3E2B717A-7A6F-4FF5-9025-738968045272}
		{6F26C69D-46EE-40AE-92E3-CD205B2C18E0} = {6F26C69D-46EE-40AE-92E3-CD205B2C18E0}
		{1C06E1E0-3FF7-4DAF-A9BA-7C8E2FA11B03} = {1C06E1E0-3FF7-4DAF-A9BA-7C8E2FA11B03}
		{C2FC6AFF-553B-4B8F-8158-93D8D50A8C02} = {C2FC6AFF-553B-4B8F-8158-93D8D50A8C02}
	EndProjectSection
EndProject
Project("{8BC9CEB8-8B4A-11D0-8D11-00A0C91BC942}") = "idevice_id", "libimobiledevice-tools\idevice_id\idevice_id.vcxproj", "{03771672-451C-4DF8-B6BE-290B0B8D2D51}"
	ProjectSection(ProjectDependencies) = postProject
		{CA9DE663-102C-4953-B09E-BCFFEC17D7E4} = {CA9DE663-102C-4953-B09E-BCFFEC17D7E4}
		{AD698F6A-41A8-4F86-A8EB-DCC255B52E28} = {AD698F6A-41A8-4F86-A8EB-DCC255B52E28}
		{6F26C69D-46EE-40AE-92E3-CD205B2C18E0} = {6F26C69D-46EE-40AE-92E3-CD205B2C18E0}
		{1C06E1E0-3FF7-4DAF-A9BA-7C8E2FA11B03} = {1C06E1E0-3FF7-4DAF-A9BA-7C8E2FA11B03}
		{C2FC6AFF-553B-4B8F-8158-93D8D50A8C02} = {C2FC6AFF-553B-4B8F-8158-93D8D50A8C02}
	EndProjectSection
EndProject
Project("{8BC9CEB8-8B4A-11D0-8D11-00A0C91BC942}") = "ideviceinfo", "libimobiledevice-tools\ideviceinfo\ideviceinfo.vcxproj", "{3EBC40B2-C7DE-4C9B-9E38-97F79DD3A1D7}"
	ProjectSection(ProjectDependencies) = postProject
		{CA9DE663-102C-4953-B09E-BCFFEC17D7E4} = {CA9DE663-102C-4953-B09E-BCFFEC17D7E4}
		{6F26C69D-46EE-40AE-92E3-CD205B2C18E0} = {6F26C69D-46EE-40AE-92E3-CD205B2C18E0}
		{C2FC6AFF-553B-4B8F-8158-93D8D50A8C02} = {C2FC6AFF-553B-4B8F-8158-93D8D50A8C02}
	EndProjectSection
EndProject
Project("{8BC9CEB8-8B4A-11D0-8D11-00A0C91BC942}") = "ideviceimagemounter", "libimobiledevice-tools\ideviceimagemounter\ideviceimagemounter.vcxproj", "{4AF01887-F20F-4E90-B5DE-48168D60E6BC}"
	ProjectSection(ProjectDependencies) = postProject
		{CA9DE663-102C-4953-B09E-BCFFEC17D7E4} = {CA9DE663-102C-4953-B09E-BCFFEC17D7E4}
		{6F26C69D-46EE-40AE-92E3-CD205B2C18E0} = {6F26C69D-46EE-40AE-92E3-CD205B2C18E0}
		{C2FC6AFF-553B-4B8F-8158-93D8D50A8C02} = {C2FC6AFF-553B-4B8F-8158-93D8D50A8C02}
	EndProjectSection
EndProject
Project("{8BC9CEB8-8B4A-11D0-8D11-00A0C91BC942}") = "ideviceprovision", "libimobiledevice-tools\ideviceprovision\ideviceprovision.vcxproj", "{9B9B4259-64CB-4EEF-BEDE-EE23435A6B68}"
	ProjectSection(ProjectDependencies) = postProject
		{CA9DE663-102C-4953-B09E-BCFFEC17D7E4} = {CA9DE663-102C-4953-B09E-BCFFEC17D7E4}
		{6F26C69D-46EE-40AE-92E3-CD205B2C18E0} = {6F26C69D-46EE-40AE-92E3-CD205B2C18E0}
		{C2FC6AFF-553B-4B8F-8158-93D8D50A8C02} = {C2FC6AFF-553B-4B8F-8158-93D8D50A8C02}
	EndProjectSection
EndProject
Project("{8BC9CEB8-8B4A-11D0-8D11-00A0C91BC942}") = "idevicescreenshot", "libimobiledevice-tools\idevicescreenshot\idevicescreenshot.vcxproj", "{C8530E36-B249-4F97-938D-AC016AAB9CC1}"
	ProjectSection(ProjectDependencies) = postProject
		{CA9DE663-102C-4953-B09E-BCFFEC17D7E4} = {CA9DE663-102C-4953-B09E-BCFFEC17D7E4}
		{6F26C69D-46EE-40AE-92E3-CD205B2C18E0} = {6F26C69D-46EE-40AE-92E3-CD205B2C18E0}
		{1C06E1E0-3FF7-4DAF-A9BA-7C8E2FA11B03} = {1C06E1E0-3FF7-4DAF-A9BA-7C8E2FA11B03}
		{C2FC6AFF-553B-4B8F-8158-93D8D50A8C02} = {C2FC6AFF-553B-4B8F-8158-93D8D50A8C02}
	EndProjectSection
EndProject
Project("{8BC9CEB8-8B4A-11D0-8D11-00A0C91BC942}") = "idevicesyslog", "libimobiledevice-tools\idevicesyslog\idevicesyslog.vcxproj", "{F275244F-7F62-4E80-935B-44AE5C83427D}"
	ProjectSection(ProjectDependencies) = postProject
		{6F26C69D-46EE-40AE-92E3-CD205B2C18E0} = {6F26C69D-46EE-40AE-92E3-CD205B2C18E0}
	EndProjectSection
EndProject
Project("{8BC9CEB8-8B4A-11D0-8D11-00A0C91BC942}") = "idevicediagnostics", "libimobiledevice-tools\idevicediagnostics\idevicediagnostics.vcxproj", "{7B883711-5684-42F5-85FE-83B7F4FC2025}"
	ProjectSection(ProjectDependencies) = postProject
		{6F26C69D-46EE-40AE-92E3-CD205B2C18E0} = {6F26C69D-46EE-40AE-92E3-CD205B2C18E0}
		{C2FC6AFF-553B-4B8F-8158-93D8D50A8C02} = {C2FC6AFF-553B-4B8F-8158-93D8D50A8C02}
	EndProjectSection
EndProject
Project("{8BC9CEB8-8B4A-11D0-8D11-00A0C91BC942}") = "socket", "vendors\socket\socket.vcxproj", "{6868442D-4090-4022-8BD0-49446B1C249F}"
EndProject
Project("{8BC9CEB8-8B4A-11D0-8D11-00A0C91BC942}") = "pmasserver", "pmasserver\pmasserver.vcxproj", "{35CBDB3C-E9B8-4A6C-B3BC-DE278D591511}"
EndProject
Project("{8BC9CEB8-8B4A-11D0-8D11-00A0C91BC942}") = "dumputils", "dumputils\dumputils.vcxproj", "{AD698F6A-41A8-4F86-A8EB-DCC255B52E28}"
EndProject
Project("{2150E333-8FDC-42A3-9474-1A3956D46DE8}") = ".nuget", ".nuget", "{817709C3-01D6-496E-946F-0CB6396A491F}"
	ProjectSection(SolutionItems) = preProject
		.nuget\packages.config = .nuget\packages.config
	EndProjectSection
EndProject
Project("{8BC9CEB8-8B4A-11D0-8D11-00A0C91BC942}") = "idevice_installer_server", "libimobiledevice-tools\idevice_installer_server\idevice_installer_server.vcxproj", "{3F3FA4D3-07B9-47F7-8374-99F1FFCCF467}"
	ProjectSection(ProjectDependencies) = postProject
		{35CBDB3C-E9B8-4A6C-B3BC-DE278D591511} = {35CBDB3C-E9B8-4A6C-B3BC-DE278D591511}
		{AD698F6A-41A8-4F86-A8EB-DCC255B52E28} = {AD698F6A-41A8-4F86-A8EB-DCC255B52E28}
		{6F26C69D-46EE-40AE-92E3-CD205B2C18E0} = {6F26C69D-46EE-40AE-92E3-CD205B2C18E0}
		{1C06E1E0-3FF7-4DAF-A9BA-7C8E2FA11B03} = {1C06E1E0-3FF7-4DAF-A9BA-7C8E2FA11B03}
	EndProjectSection
EndProject
Project("{8BC9CEB8-8B4A-11D0-8D11-00A0C91BC942}") = "idevicecrashreport", "libimobiledevice-tools\idevicecrashreport\idevicecrashreport.vcxproj", "{327C6B67-6A91-4284-BF13-88827D3E8992}"
	ProjectSection(ProjectDependencies) = postProject
		{69CDCB06-C62E-45F6-9E2B-4313C228F957} = {69CDCB06-C62E-45F6-9E2B-4313C228F957}
		{6868442D-4090-4022-8BD0-49446B1C249F} = {6868442D-4090-4022-8BD0-49446B1C249F}
		{CA9DE663-102C-4953-B09E-BCFFEC17D7E4} = {CA9DE663-102C-4953-B09E-BCFFEC17D7E4}
		{3E2B717A-7A6F-4FF5-9025-738968045272} = {3E2B717A-7A6F-4FF5-9025-738968045272}
		{6F26C69D-46EE-40AE-92E3-CD205B2C18E0} = {6F26C69D-46EE-40AE-92E3-CD205B2C18E0}
		{1C06E1E0-3FF7-4DAF-A9BA-7C8E2FA11B03} = {1C06E1E0-3FF7-4DAF-A9BA-7C8E2FA11B03}
		{C2FC6AFF-553B-4B8F-8158-93D8D50A8C02} = {C2FC6AFF-553B-4B8F-8158-93D8D50A8C02}
	EndProjectSection
EndProject
Global
	GlobalSection(SolutionConfigurationPlatforms) = preSolution
		Debug|Any CPU = Debug|Any CPU
		Debug|Mixed Platforms = Debug|Mixed Platforms
		Debug|Win32 = Debug|Win32
		Release|Any CPU = Release|Any CPU
		Release|Mixed Platforms = Release|Mixed Platforms
		Release|Win32 = Release|Win32
	EndGlobalSection
	GlobalSection(ProjectConfigurationPlatforms) = postSolution
		{6F26C69D-46EE-40AE-92E3-CD205B2C18E0}.Debug|Any CPU.ActiveCfg = Debug|Win32
		{6F26C69D-46EE-40AE-92E3-CD205B2C18E0}.Debug|Mixed Platforms.ActiveCfg = Debug|Win32
		{6F26C69D-46EE-40AE-92E3-CD205B2C18E0}.Debug|Mixed Platforms.Build.0 = Debug|Win32
		{6F26C69D-46EE-40AE-92E3-CD205B2C18E0}.Debug|Win32.ActiveCfg = Debug|Win32
		{6F26C69D-46EE-40AE-92E3-CD205B2C18E0}.Debug|Win32.Build.0 = Debug|Win32
		{6F26C69D-46EE-40AE-92E3-CD205B2C18E0}.Release|Any CPU.ActiveCfg = Release|Win32
		{6F26C69D-46EE-40AE-92E3-CD205B2C18E0}.Release|Any CPU.Build.0 = Release|Win32
		{6F26C69D-46EE-40AE-92E3-CD205B2C18E0}.Release|Mixed Platforms.ActiveCfg = Release|Win32
		{6F26C69D-46EE-40AE-92E3-CD205B2C18E0}.Release|Mixed Platforms.Build.0 = Release|Win32
		{6F26C69D-46EE-40AE-92E3-CD205B2C18E0}.Release|Win32.ActiveCfg = Release|Win32
		{6F26C69D-46EE-40AE-92E3-CD205B2C18E0}.Release|Win32.Build.0 = Release|Win32
		{C2FC6AFF-553B-4B8F-8158-93D8D50A8C02}.Debug|Any CPU.ActiveCfg = Debug|Win32
		{C2FC6AFF-553B-4B8F-8158-93D8D50A8C02}.Debug|Mixed Platforms.ActiveCfg = Debug|Win32
		{C2FC6AFF-553B-4B8F-8158-93D8D50A8C02}.Debug|Mixed Platforms.Build.0 = Debug|Win32
		{C2FC6AFF-553B-4B8F-8158-93D8D50A8C02}.Debug|Win32.ActiveCfg = Debug|Win32
		{C2FC6AFF-553B-4B8F-8158-93D8D50A8C02}.Debug|Win32.Build.0 = Debug|Win32
		{C2FC6AFF-553B-4B8F-8158-93D8D50A8C02}.Release|Any CPU.ActiveCfg = Release|Win32
		{C2FC6AFF-553B-4B8F-8158-93D8D50A8C02}.Release|Any CPU.Build.0 = Release|Win32
		{C2FC6AFF-553B-4B8F-8158-93D8D50A8C02}.Release|Mixed Platforms.ActiveCfg = Release|Win32
		{C2FC6AFF-553B-4B8F-8158-93D8D50A8C02}.Release|Mixed Platforms.Build.0 = Release|Win32
		{C2FC6AFF-553B-4B8F-8158-93D8D50A8C02}.Release|Win32.ActiveCfg = Release|Win32
		{C2FC6AFF-553B-4B8F-8158-93D8D50A8C02}.Release|Win32.Build.0 = Release|Win32
		{53034340-F651-4ACB-8FEF-FFE0FF7AA013}.Debug|Any CPU.ActiveCfg = Debug|Win32
		{53034340-F651-4ACB-8FEF-FFE0FF7AA013}.Debug|Mixed Platforms.ActiveCfg = Debug|Win32
		{53034340-F651-4ACB-8FEF-FFE0FF7AA013}.Debug|Mixed Platforms.Build.0 = Debug|Win32
		{53034340-F651-4ACB-8FEF-FFE0FF7AA013}.Debug|Win32.ActiveCfg = Debug|Win32
		{53034340-F651-4ACB-8FEF-FFE0FF7AA013}.Debug|Win32.Build.0 = Debug|Win32
		{53034340-F651-4ACB-8FEF-FFE0FF7AA013}.Release|Any CPU.ActiveCfg = Release|Win32
		{53034340-F651-4ACB-8FEF-FFE0FF7AA013}.Release|Any CPU.Build.0 = Release|Win32
		{53034340-F651-4ACB-8FEF-FFE0FF7AA013}.Release|Mixed Platforms.ActiveCfg = Release|Win32
		{53034340-F651-4ACB-8FEF-FFE0FF7AA013}.Release|Mixed Platforms.Build.0 = Release|Win32
		{53034340-F651-4ACB-8FEF-FFE0FF7AA013}.Release|Win32.ActiveCfg = Release|Win32
		{53034340-F651-4ACB-8FEF-FFE0FF7AA013}.Release|Win32.Build.0 = Release|Win32
		{3E2B717A-7A6F-4FF5-9025-738968045272}.Debug|Any CPU.ActiveCfg = Debug|Win32
		{3E2B717A-7A6F-4FF5-9025-738968045272}.Debug|Mixed Platforms.ActiveCfg = Debug|Win32
		{3E2B717A-7A6F-4FF5-9025-738968045272}.Debug|Mixed Platforms.Build.0 = Debug|Win32
		{3E2B717A-7A6F-4FF5-9025-738968045272}.Debug|Win32.ActiveCfg = Debug|Win32
		{3E2B717A-7A6F-4FF5-9025-738968045272}.Debug|Win32.Build.0 = Debug|Win32
		{3E2B717A-7A6F-4FF5-9025-738968045272}.Release|Any CPU.ActiveCfg = Release|Win32
		{3E2B717A-7A6F-4FF5-9025-738968045272}.Release|Any CPU.Build.0 = Release|Win32
		{3E2B717A-7A6F-4FF5-9025-738968045272}.Release|Mixed Platforms.ActiveCfg = Release|Win32
		{3E2B717A-7A6F-4FF5-9025-738968045272}.Release|Mixed Platforms.Build.0 = Release|Win32
		{3E2B717A-7A6F-4FF5-9025-738968045272}.Release|Win32.ActiveCfg = Release|Win32
		{3E2B717A-7A6F-4FF5-9025-738968045272}.Release|Win32.Build.0 = Release|Win32
		{69CDCB06-C62E-45F6-9E2B-4313C228F957}.Debug|Any CPU.ActiveCfg = Debug|Win32
		{69CDCB06-C62E-45F6-9E2B-4313C228F957}.Debug|Mixed Platforms.ActiveCfg = Debug|Win32
		{69CDCB06-C62E-45F6-9E2B-4313C228F957}.Debug|Mixed Platforms.Build.0 = Debug|Win32
		{69CDCB06-C62E-45F6-9E2B-4313C228F957}.Debug|Win32.ActiveCfg = Debug|Win32
		{69CDCB06-C62E-45F6-9E2B-4313C228F957}.Debug|Win32.Build.0 = Debug|Win32
		{69CDCB06-C62E-45F6-9E2B-4313C228F957}.Release|Any CPU.ActiveCfg = Release|Win32
		{69CDCB06-C62E-45F6-9E2B-4313C228F957}.Release|Any CPU.Build.0 = Release|Win32
		{69CDCB06-C62E-45F6-9E2B-4313C228F957}.Release|Mixed Platforms.ActiveCfg = Release|Win32
		{69CDCB06-C62E-45F6-9E2B-4313C228F957}.Release|Mixed Platforms.Build.0 = Release|Win32
		{69CDCB06-C62E-45F6-9E2B-4313C228F957}.Release|Win32.ActiveCfg = Release|Win32
		{69CDCB06-C62E-45F6-9E2B-4313C228F957}.Release|Win32.Build.0 = Release|Win32
		{CA9DE663-102C-4953-B09E-BCFFEC17D7E4}.Debug|Any CPU.ActiveCfg = Debug|Win32
		{CA9DE663-102C-4953-B09E-BCFFEC17D7E4}.Debug|Mixed Platforms.ActiveCfg = Debug|Win32
		{CA9DE663-102C-4953-B09E-BCFFEC17D7E4}.Debug|Mixed Platforms.Build.0 = Debug|Win32
		{CA9DE663-102C-4953-B09E-BCFFEC17D7E4}.Debug|Win32.ActiveCfg = Debug|Win32
		{CA9DE663-102C-4953-B09E-BCFFEC17D7E4}.Debug|Win32.Build.0 = Debug|Win32
		{CA9DE663-102C-4953-B09E-BCFFEC17D7E4}.Release|Any CPU.ActiveCfg = Release|Win32
		{CA9DE663-102C-4953-B09E-BCFFEC17D7E4}.Release|Any CPU.Build.0 = Release|Win32
		{CA9DE663-102C-4953-B09E-BCFFEC17D7E4}.Release|Mixed Platforms.ActiveCfg = Release|Win32
		{CA9DE663-102C-4953-B09E-BCFFEC17D7E4}.Release|Mixed Platforms.Build.0 = Release|Win32
		{CA9DE663-102C-4953-B09E-BCFFEC17D7E4}.Release|Win32.ActiveCfg = Release|Win32
		{CA9DE663-102C-4953-B09E-BCFFEC17D7E4}.Release|Win32.Build.0 = Release|Win32
		{1C06E1E0-3FF7-4DAF-A9BA-7C8E2FA11B03}.Debug|Any CPU.ActiveCfg = Debug|Win32
		{1C06E1E0-3FF7-4DAF-A9BA-7C8E2FA11B03}.Debug|Mixed Platforms.ActiveCfg = Debug|Win32
		{1C06E1E0-3FF7-4DAF-A9BA-7C8E2FA11B03}.Debug|Mixed Platforms.Build.0 = Debug|Win32
		{1C06E1E0-3FF7-4DAF-A9BA-7C8E2FA11B03}.Debug|Win32.ActiveCfg = Debug|Win32
		{1C06E1E0-3FF7-4DAF-A9BA-7C8E2FA11B03}.Debug|Win32.Build.0 = Debug|Win32
		{1C06E1E0-3FF7-4DAF-A9BA-7C8E2FA11B03}.Release|Any CPU.ActiveCfg = Release|Win32
		{1C06E1E0-3FF7-4DAF-A9BA-7C8E2FA11B03}.Release|Any CPU.Build.0 = Release|Win32
		{1C06E1E0-3FF7-4DAF-A9BA-7C8E2FA11B03}.Release|Mixed Platforms.ActiveCfg = Release|Win32
		{1C06E1E0-3FF7-4DAF-A9BA-7C8E2FA11B03}.Release|Mixed Platforms.Build.0 = Release|Win32
		{1C06E1E0-3FF7-4DAF-A9BA-7C8E2FA11B03}.Release|Win32.ActiveCfg = Release|Win32
		{1C06E1E0-3FF7-4DAF-A9BA-7C8E2FA11B03}.Release|Win32.Build.0 = Release|Win32
		{00AB62FF-DC93-4B81-B4FE-E3229DC44D91}.Debug|Any CPU.ActiveCfg = Debug|Win32
		{00AB62FF-DC93-4B81-B4FE-E3229DC44D91}.Debug|Mixed Platforms.ActiveCfg = Debug|Win32
		{00AB62FF-DC93-4B81-B4FE-E3229DC44D91}.Debug|Mixed Platforms.Build.0 = Debug|Win32
		{00AB62FF-DC93-4B81-B4FE-E3229DC44D91}.Debug|Win32.ActiveCfg = Debug|Win32
		{00AB62FF-DC93-4B81-B4FE-E3229DC44D91}.Debug|Win32.Build.0 = Debug|Win32
		{00AB62FF-DC93-4B81-B4FE-E3229DC44D91}.Release|Any CPU.ActiveCfg = Release|Win32
		{00AB62FF-DC93-4B81-B4FE-E3229DC44D91}.Release|Any CPU.Build.0 = Release|Win32
		{00AB62FF-DC93-4B81-B4FE-E3229DC44D91}.Release|Mixed Platforms.ActiveCfg = Release|Win32
		{00AB62FF-DC93-4B81-B4FE-E3229DC44D91}.Release|Mixed Platforms.Build.0 = Release|Win32
		{00AB62FF-DC93-4B81-B4FE-E3229DC44D91}.Release|Win32.ActiveCfg = Release|Win32
		{00AB62FF-DC93-4B81-B4FE-E3229DC44D91}.Release|Win32.Build.0 = Release|Win32
		{03771672-451C-4DF8-B6BE-290B0B8D2D51}.Debug|Any CPU.ActiveCfg = Debug|Win32
		{03771672-451C-4DF8-B6BE-290B0B8D2D51}.Debug|Mixed Platforms.ActiveCfg = Debug|Win32
		{03771672-451C-4DF8-B6BE-290B0B8D2D51}.Debug|Mixed Platforms.Build.0 = Debug|Win32
		{03771672-451C-4DF8-B6BE-290B0B8D2D51}.Debug|Win32.ActiveCfg = Debug|Win32
		{03771672-451C-4DF8-B6BE-290B0B8D2D51}.Debug|Win32.Build.0 = Debug|Win32
		{03771672-451C-4DF8-B6BE-290B0B8D2D51}.Release|Any CPU.ActiveCfg = Release|Win32
		{03771672-451C-4DF8-B6BE-290B0B8D2D51}.Release|Any CPU.Build.0 = Release|Win32
		{03771672-451C-4DF8-B6BE-290B0B8D2D51}.Release|Mixed Platforms.ActiveCfg = Release|Win32
		{03771672-451C-4DF8-B6BE-290B0B8D2D51}.Release|Mixed Platforms.Build.0 = Release|Win32
		{03771672-451C-4DF8-B6BE-290B0B8D2D51}.Release|Win32.ActiveCfg = Release|Win32
		{03771672-451C-4DF8-B6BE-290B0B8D2D51}.Release|Win32.Build.0 = Release|Win32
		{3EBC40B2-C7DE-4C9B-9E38-97F79DD3A1D7}.Debug|Any CPU.ActiveCfg = Debug|Win32
		{3EBC40B2-C7DE-4C9B-9E38-97F79DD3A1D7}.Debug|Mixed Platforms.ActiveCfg = Debug|Win32
		{3EBC40B2-C7DE-4C9B-9E38-97F79DD3A1D7}.Debug|Mixed Platforms.Build.0 = Debug|Win32
		{3EBC40B2-C7DE-4C9B-9E38-97F79DD3A1D7}.Debug|Win32.ActiveCfg = Debug|Win32
		{3EBC40B2-C7DE-4C9B-9E38-97F79DD3A1D7}.Debug|Win32.Build.0 = Debug|Win32
		{3EBC40B2-C7DE-4C9B-9E38-97F79DD3A1D7}.Release|Any CPU.ActiveCfg = Release|Win32
		{3EBC40B2-C7DE-4C9B-9E38-97F79DD3A1D7}.Release|Any CPU.Build.0 = Release|Win32
		{3EBC40B2-C7DE-4C9B-9E38-97F79DD3A1D7}.Release|Mixed Platforms.ActiveCfg = Release|Win32
		{3EBC40B2-C7DE-4C9B-9E38-97F79DD3A1D7}.Release|Mixed Platforms.Build.0 = Release|Win32
		{3EBC40B2-C7DE-4C9B-9E38-97F79DD3A1D7}.Release|Win32.ActiveCfg = Release|Win32
		{3EBC40B2-C7DE-4C9B-9E38-97F79DD3A1D7}.Release|Win32.Build.0 = Release|Win32
		{4AF01887-F20F-4E90-B5DE-48168D60E6BC}.Debug|Any CPU.ActiveCfg = Debug|Win32
		{4AF01887-F20F-4E90-B5DE-48168D60E6BC}.Debug|Mixed Platforms.ActiveCfg = Debug|Win32
		{4AF01887-F20F-4E90-B5DE-48168D60E6BC}.Debug|Mixed Platforms.Build.0 = Debug|Win32
		{4AF01887-F20F-4E90-B5DE-48168D60E6BC}.Debug|Win32.ActiveCfg = Debug|Win32
		{4AF01887-F20F-4E90-B5DE-48168D60E6BC}.Debug|Win32.Build.0 = Debug|Win32
		{4AF01887-F20F-4E90-B5DE-48168D60E6BC}.Release|Any CPU.ActiveCfg = Release|Win32
		{4AF01887-F20F-4E90-B5DE-48168D60E6BC}.Release|Any CPU.Build.0 = Release|Win32
		{4AF01887-F20F-4E90-B5DE-48168D60E6BC}.Release|Mixed Platforms.ActiveCfg = Release|Win32
		{4AF01887-F20F-4E90-B5DE-48168D60E6BC}.Release|Mixed Platforms.Build.0 = Release|Win32
		{4AF01887-F20F-4E90-B5DE-48168D60E6BC}.Release|Win32.ActiveCfg = Release|Win32
		{4AF01887-F20F-4E90-B5DE-48168D60E6BC}.Release|Win32.Build.0 = Release|Win32
		{9B9B4259-64CB-4EEF-BEDE-EE23435A6B68}.Debug|Any CPU.ActiveCfg = Debug|Win32
		{9B9B4259-64CB-4EEF-BEDE-EE23435A6B68}.Debug|Mixed Platforms.ActiveCfg = Debug|Win32
		{9B9B4259-64CB-4EEF-BEDE-EE23435A6B68}.Debug|Mixed Platforms.Build.0 = Debug|Win32
		{9B9B4259-64CB-4EEF-BEDE-EE23435A6B68}.Debug|Win32.ActiveCfg = Debug|Win32
		{9B9B4259-64CB-4EEF-BEDE-EE23435A6B68}.Debug|Win32.Build.0 = Debug|Win32
		{9B9B4259-64CB-4EEF-BEDE-EE23435A6B68}.Release|Any CPU.ActiveCfg = Release|Win32
		{9B9B4259-64CB-4EEF-BEDE-EE23435A6B68}.Release|Any CPU.Build.0 = Release|Win32
		{9B9B4259-64CB-4EEF-BEDE-EE23435A6B68}.Release|Mixed Platforms.ActiveCfg = Release|Win32
		{9B9B4259-64CB-4EEF-BEDE-EE23435A6B68}.Release|Mixed Platforms.Build.0 = Release|Win32
		{9B9B4259-64CB-4EEF-BEDE-EE23435A6B68}.Release|Win32.ActiveCfg = Release|Win32
		{9B9B4259-64CB-4EEF-BEDE-EE23435A6B68}.Release|Win32.Build.0 = Release|Win32
		{C8530E36-B249-4F97-938D-AC016AAB9CC1}.Debug|Any CPU.ActiveCfg = Debug|Win32
		{C8530E36-B249-4F97-938D-AC016AAB9CC1}.Debug|Mixed Platforms.ActiveCfg = Debug|Win32
		{C8530E36-B249-4F97-938D-AC016AAB9CC1}.Debug|Mixed Platforms.Build.0 = Debug|Win32
		{C8530E36-B249-4F97-938D-AC016AAB9CC1}.Debug|Win32.ActiveCfg = Debug|Win32
		{C8530E36-B249-4F97-938D-AC016AAB9CC1}.Debug|Win32.Build.0 = Debug|Win32
		{C8530E36-B249-4F97-938D-AC016AAB9CC1}.Release|Any CPU.ActiveCfg = Release|Win32
		{C8530E36-B249-4F97-938D-AC016AAB9CC1}.Release|Any CPU.Build.0 = Release|Win32
		{C8530E36-B249-4F97-938D-AC016AAB9CC1}.Release|Mixed Platforms.ActiveCfg = Release|Win32
		{C8530E36-B249-4F97-938D-AC016AAB9CC1}.Release|Mixed Platforms.Build.0 = Release|Win32
		{C8530E36-B249-4F97-938D-AC016AAB9CC1}.Release|Win32.ActiveCfg = Release|Win32
		{C8530E36-B249-4F97-938D-AC016AAB9CC1}.Release|Win32.Build.0 = Release|Win32
		{F275244F-7F62-4E80-935B-44AE5C83427D}.Debug|Any CPU.ActiveCfg = Debug|Win32
		{F275244F-7F62-4E80-935B-44AE5C83427D}.Debug|Mixed Platforms.ActiveCfg = Debug|Win32
		{F275244F-7F62-4E80-935B-44AE5C83427D}.Debug|Mixed Platforms.Build.0 = Debug|Win32
		{F275244F-7F62-4E80-935B-44AE5C83427D}.Debug|Win32.ActiveCfg = Debug|Win32
		{F275244F-7F62-4E80-935B-44AE5C83427D}.Debug|Win32.Build.0 = Debug|Win32
		{F275244F-7F62-4E80-935B-44AE5C83427D}.Release|Any CPU.ActiveCfg = Release|Win32
		{F275244F-7F62-4E80-935B-44AE5C83427D}.Release|Any CPU.Build.0 = Release|Win32
		{F275244F-7F62-4E80-935B-44AE5C83427D}.Release|Mixed Platforms.ActiveCfg = Release|Win32
		{F275244F-7F62-4E80-935B-44AE5C83427D}.Release|Mixed Platforms.Build.0 = Release|Win32
		{F275244F-7F62-4E80-935B-44AE5C83427D}.Release|Win32.ActiveCfg = Release|Win32
		{F275244F-7F62-4E80-935B-44AE5C83427D}.Release|Win32.Build.0 = Release|Win32
		{7B883711-5684-42F5-85FE-83B7F4FC2025}.Debug|Any CPU.ActiveCfg = Debug|Win32
		{7B883711-5684-42F5-85FE-83B7F4FC2025}.Debug|Mixed Platforms.ActiveCfg = Debug|Win32
		{7B883711-5684-42F5-85FE-83B7F4FC2025}.Debug|Mixed Platforms.Build.0 = Debug|Win32
		{7B883711-5684-42F5-85FE-83B7F4FC2025}.Debug|Win32.ActiveCfg = Debug|Win32
		{7B883711-5684-42F5-85FE-83B7F4FC2025}.Debug|Win32.Build.0 = Debug|Win32
		{7B883711-5684-42F5-85FE-83B7F4FC2025}.Release|Any CPU.ActiveCfg = Release|Win32
		{7B883711-5684-42F5-85FE-83B7F4FC2025}.Release|Any CPU.Build.0 = Release|Win32
		{7B883711-5684-42F5-85FE-83B7F4FC2025}.Release|Mixed Platforms.ActiveCfg = Release|Win32
		{7B883711-5684-42F5-85FE-83B7F4FC2025}.Release|Mixed Platforms.Build.0 = Release|Win32
		{7B883711-5684-42F5-85FE-83B7F4FC2025}.Release|Win32.ActiveCfg = Release|Win32
		{7B883711-5684-42F5-85FE-83B7F4FC2025}.Release|Win32.Build.0 = Release|Win32
		{6868442D-4090-4022-8BD0-49446B1C249F}.Debug|Any CPU.ActiveCfg = Debug|Win32
		{6868442D-4090-4022-8BD0-49446B1C249F}.Debug|Mixed Platforms.ActiveCfg = Debug|Win32
		{6868442D-4090-4022-8BD0-49446B1C249F}.Debug|Mixed Platforms.Build.0 = Debug|Win32
		{6868442D-4090-4022-8BD0-49446B1C249F}.Debug|Win32.ActiveCfg = Debug|Win32
		{6868442D-4090-4022-8BD0-49446B1C249F}.Debug|Win32.Build.0 = Debug|Win32
		{6868442D-4090-4022-8BD0-49446B1C249F}.Release|Any CPU.ActiveCfg = Release|Win32
		{6868442D-4090-4022-8BD0-49446B1C249F}.Release|Any CPU.Build.0 = Release|Win32
		{6868442D-4090-4022-8BD0-49446B1C249F}.Release|Mixed Platforms.ActiveCfg = Release|Win32
		{6868442D-4090-4022-8BD0-49446B1C249F}.Release|Mixed Platforms.Build.0 = Release|Win32
		{6868442D-4090-4022-8BD0-49446B1C249F}.Release|Win32.ActiveCfg = Release|Win32
		{6868442D-4090-4022-8BD0-49446B1C249F}.Release|Win32.Build.0 = Release|Win32
		{35CBDB3C-E9B8-4A6C-B3BC-DE278D591511}.Debug|Any CPU.ActiveCfg = Debug|Win32
		{35CBDB3C-E9B8-4A6C-B3BC-DE278D591511}.Debug|Mixed Platforms.ActiveCfg = Debug|Win32
		{35CBDB3C-E9B8-4A6C-B3BC-DE278D591511}.Debug|Mixed Platforms.Build.0 = Debug|Win32
		{35CBDB3C-E9B8-4A6C-B3BC-DE278D591511}.Debug|Win32.ActiveCfg = Debug|Win32
		{35CBDB3C-E9B8-4A6C-B3BC-DE278D591511}.Debug|Win32.Build.0 = Debug|Win32
		{35CBDB3C-E9B8-4A6C-B3BC-DE278D591511}.Release|Any CPU.ActiveCfg = Release|Win32
		{35CBDB3C-E9B8-4A6C-B3BC-DE278D591511}.Release|Any CPU.Build.0 = Release|Win32
		{35CBDB3C-E9B8-4A6C-B3BC-DE278D591511}.Release|Mixed Platforms.ActiveCfg = Release|Win32
		{35CBDB3C-E9B8-4A6C-B3BC-DE278D591511}.Release|Mixed Platforms.Build.0 = Release|Win32
		{35CBDB3C-E9B8-4A6C-B3BC-DE278D591511}.Release|Win32.ActiveCfg = Release|Win32
		{35CBDB3C-E9B8-4A6C-B3BC-DE278D591511}.Release|Win32.Build.0 = Release|Win32
		{AD698F6A-41A8-4F86-A8EB-DCC255B52E28}.Debug|Any CPU.ActiveCfg = Debug|Win32
		{AD698F6A-41A8-4F86-A8EB-DCC255B52E28}.Debug|Mixed Platforms.ActiveCfg = Debug|Win32
		{AD698F6A-41A8-4F86-A8EB-DCC255B52E28}.Debug|Mixed Platforms.Build.0 = Debug|Win32
		{AD698F6A-41A8-4F86-A8EB-DCC255B52E28}.Debug|Win32.ActiveCfg = Debug|Win32
		{AD698F6A-41A8-4F86-A8EB-DCC255B52E28}.Debug|Win32.Build.0 = Debug|Win32
		{AD698F6A-41A8-4F86-A8EB-DCC255B52E28}.Release|Any CPU.ActiveCfg = Release|Win32
		{AD698F6A-41A8-4F86-A8EB-DCC255B52E28}.Release|Any CPU.Build.0 = Release|Win32
		{AD698F6A-41A8-4F86-A8EB-DCC255B52E28}.Release|Mixed Platforms.ActiveCfg = Release|Win32
		{AD698F6A-41A8-4F86-A8EB-DCC255B52E28}.Release|Mixed Platforms.Build.0 = Release|Win32
		{AD698F6A-41A8-4F86-A8EB-DCC255B52E28}.Release|Win32.ActiveCfg = Release|Win32
		{AD698F6A-41A8-4F86-A8EB-DCC255B52E28}.Release|Win32.Build.0 = Release|Win32
		{3F3FA4D3-07B9-47F7-8374-99F1FFCCF467}.Debug|Any CPU.ActiveCfg = Debug|Win32
		{3F3FA4D3-07B9-47F7-8374-99F1FFCCF467}.Debug|Mixed Platforms.ActiveCfg = Debug|Win32
		{3F3FA4D3-07B9-47F7-8374-99F1FFCCF467}.Debug|Mixed Platforms.Build.0 = Debug|Win32
		{3F3FA4D3-07B9-47F7-8374-99F1FFCCF467}.Debug|Win32.ActiveCfg = Debug|Win32
		{3F3FA4D3-07B9-47F7-8374-99F1FFCCF467}.Debug|Win32.Build.0 = Debug|Win32
		{3F3FA4D3-07B9-47F7-8374-99F1FFCCF467}.Release|Any CPU.ActiveCfg = Release|Win32
		{3F3FA4D3-07B9-47F7-8374-99F1FFCCF467}.Release|Any CPU.Build.0 = Release|Win32
		{3F3FA4D3-07B9-47F7-8374-99F1FFCCF467}.Release|Mixed Platforms.ActiveCfg = Release|Win32
		{3F3FA4D3-07B9-47F7-8374-99F1FFCCF467}.Release|Mixed Platforms.Build.0 = Release|Win32
		{3F3FA4D3-07B9-47F7-8374-99F1FFCCF467}.Release|Win32.ActiveCfg = Release|Win32
		{3F3FA4D3-07B9-47F7-8374-99F1FFCCF467}.Release|Win32.Build.0 = Release|Win32
		{327C6B67-6A91-4284-BF13-88827D3E8992}.Debug|Any CPU.ActiveCfg = Debug|Win32
		{327C6B67-6A91-4284-BF13-88827D3E8992}.Debug|Mixed Platforms.ActiveCfg = Debug|Win32
		{327C6B67-6A91-4284-BF13-88827D3E8992}.Debug|Mixed Platforms.Build.0 = Debug|Win32
		{327C6B67-6A91-4284-BF13-88827D3E8992}.Debug|Win32.ActiveCfg = Debug|Win32
		{327C6B67-6A91-4284-BF13-88827D3E8992}.Debug|Win32.Build.0 = Debug|Win32
		{327C6B67-6A91-4284-BF13-88827D3E8992}.Release|Any CPU.ActiveCfg = Release|Win32
		{327C6B67-6A91-4284-BF13-88827D3E8992}.Release|Any CPU.Build.0 = Release|Win32
		{327C6B67-6A91-4284-BF13-88827D3E8992}.Release|Mixed Platforms.ActiveCfg = Release|Win32
		{327C6B67-6A91-4284-BF13-88827D3E8992}.Release|Mixed Platforms.Build.0 = Release|Win32
		{327C6B67-6A91-4284-BF13-88827D3E8992}.Release|Win32.ActiveCfg = Release|Win32
		{327C6B67-6A91-4284-BF13-88827D3E8992}.Release|Win32.Build.0 = Release|Win32
	EndGlobalSection
	GlobalSection(SolutionProperties) = preSolution
		HideSolutionNode = FALSE
	EndGlobalSection
	GlobalSection(NestedProjects) = preSolution
		{00AB62FF-DC93-4B81-B4FE-E3229DC44D91} = {0FBBD559-6BB3-4679-AA53-79D7D37AA02C}
		{03771672-451C-4DF8-B6BE-290B0B8D2D51} = {0FBBD559-6BB3-4679-AA53-79D7D37AA02C}
		{3EBC40B2-C7DE-4C9B-9E38-97F79DD3A1D7} = {0FBBD559-6BB3-4679-AA53-79D7D37AA02C}
		{4AF01887-F20F-4E90-B5DE-48168D60E6BC} = {0FBBD559-6BB3-4679-AA53-79D7D37AA02C}
		{9B9B4259-64CB-4EEF-BEDE-EE23435A6B68} = {0FBBD559-6BB3-4679-AA53-79D7D37AA02C}
		{C8530E36-B249-4F97-938D-AC016AAB9CC1} = {0FBBD559-6BB3-4679-AA53-79D7D37AA02C}
		{F275244F-7F62-4E80-935B-44AE5C83427D} = {0FBBD559-6BB3-4679-AA53-79D7D37AA02C}
		{7B883711-5684-42F5-85FE-83B7F4FC2025} = {0FBBD559-6BB3-4679-AA53-79D7D37AA02C}
		{3F3FA4D3-07B9-47F7-8374-99F1FFCCF467} = {0FBBD559-6BB3-4679-AA53-79D7D37AA02C}
		{327C6B67-6A91-4284-BF13-88827D3E8992} = {0FBBD559-6BB3-4679-AA53-79D7D37AA02C}
	EndGlobalSection
EndGlobal
